
Microsoft Visual Studio Solution File, Format Version 12.00
# Visual Studio 15
VisualStudioVersion = 15.0.26430.15
MinimumVisualStudioVersion = 10.0.40219.1
Project("{FAE04EC0-301F-11D3-BF4B-00C04F79EFBC}") = "WWW", "Www\WWW.csproj", "{F1327F80-B808-4654-962D-1AB5CDE63B91}"
EndProject
Project("{FAE04EC0-301F-11D3-BF4B-00C04F79EFBC}") = "DataRequester", "Apps\ReqData\Client\DataRequester.csproj", "{4FF60CC6-8D38-4686-A8F8-94BB36DDCFCC}"
EndProject
Project("{FAE04EC0-301F-11D3-BF4B-00C04F79EFBC}") = "DataProvider", "Apps\ReqData\Service\DataProvider.csproj", "{5D949877-7015-40CA-83E5-D516C1C2BA97}"
EndProject
Project("{FAE04EC0-301F-11D3-BF4B-00C04F79EFBC}") = "Client", "Apps\ReqUDP\Client\Client.csproj", "{DE36CEAB-C1E8-46BA-BD59-4EF41E20A950}"
EndProject
Project("{FAE04EC0-301F-11D3-BF4B-00C04F79EFBC}") = "Server", "Apps\ReqUDP\Server\Server.csproj", "{94E8B8E7-DEB8-4AA9-A013-C426B051D3E5}"
EndProject
Project("{FAE04EC0-301F-11D3-BF4B-00C04F79EFBC}") = "SendData", "Apps\SendData\SendData.csproj", "{BA37E895-6976-4803-A06A-358BCE610285}"
EndProject
Project("{FAE04EC0-301F-11D3-BF4B-00C04F79EFBC}") = "SendDemoData", "Apps\SendDemoData\SendDemoData.csproj", "{971EE24A-2AFB-4881-9981-BB3F0D8AE6A9}"
EndProject
Project("{FAE04EC0-301F-11D3-BF4B-00C04F79EFBC}") = "ServPerfMon", "Apps\ServPerfMon\ServPerfMon.csproj", "{C0F4A685-8CB5-4805-A009-936F5EEA0842}"
EndProject
Project("{FAE04EC0-301F-11D3-BF4B-00C04F79EFBC}") = "ZigBeeClient", "Apps\ZigBee\Client\ZigBeeClient.csproj", "{F4AB0891-5F33-46E1-B9CF-62E603F7289F}"
EndProject
Project("{FAE04EC0-301F-11D3-BF4B-00C04F79EFBC}") = "ProxyStubGenerator", "Apps\ZigBee\ProxyStubGenerator\ProxyStubGenerator.csproj", "{13F4B091-79E5-45A0-A435-30E80FD72FF9}"
EndProject
Project("{FAE04EC0-301F-11D3-BF4B-00C04F79EFBC}") = "Test", "Test\Test.csproj", "{3F5144EE-C312-4634-BE80-3E0EA016B0AB}"
EndProject
Global
	GlobalSection(SolutionConfigurationPlatforms) = preSolution
		Debug|Any CPU = Debug|Any CPU
		Debug|x64 = Debug|x64
		Debug|x86 = Debug|x86
		Release|Any CPU = Release|Any CPU
		Release|x64 = Release|x64
		Release|x86 = Release|x86
	EndGlobalSection
	GlobalSection(ProjectConfigurationPlatforms) = postSolution
		{F1327F80-B808-4654-962D-1AB5CDE63B91}.Debug|Any CPU.ActiveCfg = Debug|Any CPU
		{F1327F80-B808-4654-962D-1AB5CDE63B91}.Debug|Any CPU.Build.0 = Debug|Any CPU
		{F1327F80-B808-4654-962D-1AB5CDE63B91}.Debug|x64.ActiveCfg = Debug|x64
		{F1327F80-B808-4654-962D-1AB5CDE63B91}.Debug|x64.Build.0 = Debug|x64
		{F1327F80-B808-4654-962D-1AB5CDE63B91}.Debug|x86.ActiveCfg = Debug|x86
		{F1327F80-B808-4654-962D-1AB5CDE63B91}.Debug|x86.Build.0 = Debug|x86
		{F1327F80-B808-4654-962D-1AB5CDE63B91}.Release|Any CPU.ActiveCfg = Release|Any CPU
		{F1327F80-B808-4654-962D-1AB5CDE63B91}.Release|Any CPU.Build.0 = Release|Any CPU
		{F1327F80-B808-4654-962D-1AB5CDE63B91}.Release|x64.ActiveCfg = Release|x64
		{F1327F80-B808-4654-962D-1AB5CDE63B91}.Release|x64.Build.0 = Release|x64
		{F1327F80-B808-4654-962D-1AB5CDE63B91}.Release|x86.ActiveCfg = Release|x86
		{F1327F80-B808-4654-962D-1AB5CDE63B91}.Release|x86.Build.0 = Release|x86
		{4FF60CC6-8D38-4686-A8F8-94BB36DDCFCC}.Debug|Any CPU.ActiveCfg = Debug|Any CPU
		{4FF60CC6-8D38-4686-A8F8-94BB36DDCFCC}.Debug|Any CPU.Build.0 = Debug|Any CPU
		{4FF60CC6-8D38-4686-A8F8-94BB36DDCFCC}.Debug|x64.ActiveCfg = Debug|Any CPU
		{4FF60CC6-8D38-4686-A8F8-94BB36DDCFCC}.Debug|x64.Build.0 = Debug|Any CPU
		{4FF60CC6-8D38-4686-A8F8-94BB36DDCFCC}.Debug|x86.ActiveCfg = Debug|x86
		{4FF60CC6-8D38-4686-A8F8-94BB36DDCFCC}.Debug|x86.Build.0 = Debug|x86
		{4FF60CC6-8D38-4686-A8F8-94BB36DDCFCC}.Release|Any CPU.ActiveCfg = Release|Any CPU
		{4FF60CC6-8D38-4686-A8F8-94BB36DDCFCC}.Release|Any CPU.Build.0 = Release|Any CPU
		{4FF60CC6-8D38-4686-A8F8-94BB36DDCFCC}.Release|x64.ActiveCfg = Release|Any CPU
		{4FF60CC6-8D38-4686-A8F8-94BB36DDCFCC}.Release|x64.Build.0 = Release|Any CPU
		{4FF60CC6-8D38-4686-A8F8-94BB36DDCFCC}.Release|x86.ActiveCfg = Release|x86
		{4FF60CC6-8D38-4686-A8F8-94BB36DDCFCC}.Release|x86.Build.0 = Release|x86
		{5D949877-7015-40CA-83E5-D516C1C2BA97}.Debug|Any CPU.ActiveCfg = Debug|Any CPU
		{5D949877-7015-40CA-83E5-D516C1C2BA97}.Debug|Any CPU.Build.0 = Debug|Any CPU
		{5D949877-7015-40CA-83E5-D516C1C2BA97}.Debug|x64.ActiveCfg = Debug|Any CPU
		{5D949877-7015-40CA-83E5-D516C1C2BA97}.Debug|x64.Build.0 = Debug|Any CPU
		{5D949877-7015-40CA-83E5-D516C1C2BA97}.Debug|x86.ActiveCfg = Debug|Any CPU
		{5D949877-7015-40CA-83E5-D516C1C2BA97}.Debug|x86.Build.0 = Debug|Any CPU
		{5D949877-7015-40CA-83E5-D516C1C2BA97}.Release|Any CPU.ActiveCfg = Release|Any CPU
		{5D949877-7015-40CA-83E5-D516C1C2BA97}.Release|Any CPU.Build.0 = Release|Any CPU
		{5D949877-7015-40CA-83E5-D516C1C2BA97}.Release|x64.ActiveCfg = Release|Any CPU
		{5D949877-7015-40CA-83E5-D516C1C2BA97}.Release|x64.Build.0 = Release|Any CPU
		{5D949877-7015-40CA-83E5-D516C1C2BA97}.Release|x86.ActiveCfg = Release|Any CPU
		{5D949877-7015-40CA-83E5-D516C1C2BA97}.Release|x86.Build.0 = Release|Any CPU
		{DE36CEAB-C1E8-46BA-BD59-4EF41E20A950}.Debug|Any CPU.ActiveCfg = Debug|Any CPU
		{DE36CEAB-C1E8-46BA-BD59-4EF41E20A950}.Debug|Any CPU.Build.0 = Debug|Any CPU
		{DE36CEAB-C1E8-46BA-BD59-4EF41E20A950}.Debug|x64.ActiveCfg = Debug|x86
		{DE36CEAB-C1E8-46BA-BD59-4EF41E20A950}.Debug|x86.ActiveCfg = Debug|x86
		{DE36CEAB-C1E8-46BA-BD59-4EF41E20A950}.Debug|x86.Build.0 = Debug|x86
		{DE36CEAB-C1E8-46BA-BD59-4EF41E20A950}.Release|Any CPU.ActiveCfg = Release|Any CPU
		{DE36CEAB-C1E8-46BA-BD59-4EF41E20A950}.Release|Any CPU.Build.0 = Release|Any CPU
		{DE36CEAB-C1E8-46BA-BD59-4EF41E20A950}.Release|x64.ActiveCfg = Release|x86
		{DE36CEAB-C1E8-46BA-BD59-4EF41E20A950}.Release|x86.ActiveCfg = Release|x86
		{DE36CEAB-C1E8-46BA-BD59-4EF41E20A950}.Release|x86.Build.0 = Release|x86
		{94E8B8E7-DEB8-4AA9-A013-C426B051D3E5}.Debug|Any CPU.ActiveCfg = Debug|Any CPU
		{94E8B8E7-DEB8-4AA9-A013-C426B051D3E5}.Debug|Any CPU.Build.0 = Debug|Any CPU
		{94E8B8E7-DEB8-4AA9-A013-C426B051D3E5}.Debug|x64.ActiveCfg = Debug|x86
		{94E8B8E7-DEB8-4AA9-A013-C426B051D3E5}.Debug|x86.ActiveCfg = Debug|x86
		{94E8B8E7-DEB8-4AA9-A013-C426B051D3E5}.Debug|x86.Build.0 = Debug|x86
		{94E8B8E7-DEB8-4AA9-A013-C426B051D3E5}.Release|Any CPU.ActiveCfg = Release|Any CPU
		{94E8B8E7-DEB8-4AA9-A013-C426B051D3E5}.Release|Any CPU.Build.0 = Release|Any CPU
		{94E8B8E7-DEB8-4AA9-A013-C426B051D3E5}.Release|x64.ActiveCfg = Release|x86
		{94E8B8E7-DEB8-4AA9-A013-C426B051D3E5}.Release|x86.ActiveCfg = Release|x86
		{94E8B8E7-DEB8-4AA9-A013-C426B051D3E5}.Release|x86.Build.0 = Release|x86
		{BA37E895-6976-4803-A06A-358BCE610285}.Debug|Any CPU.ActiveCfg = Debug|Any CPU
		{BA37E895-6976-4803-A06A-358BCE610285}.Debug|Any CPU.Build.0 = Debug|Any CPU
		{BA37E895-6976-4803-A06A-358BCE610285}.Debug|x64.ActiveCfg = Debug|x86
		{BA37E895-6976-4803-A06A-358BCE610285}.Debug|x86.ActiveCfg = Debug|x86
		{BA37E895-6976-4803-A06A-358BCE610285}.Debug|x86.Build.0 = Debug|x86
		{BA37E895-6976-4803-A06A-358BCE610285}.Release|Any CPU.ActiveCfg = Release|Any CPU
		{BA37E895-6976-4803-A06A-358BCE610285}.Release|Any CPU.Build.0 = Release|Any CPU
		{BA37E895-6976-4803-A06A-358BCE610285}.Release|x64.ActiveCfg = Release|x86
		{BA37E895-6976-4803-A06A-358BCE610285}.Release|x86.ActiveCfg = Release|x86
		{BA37E895-6976-4803-A06A-358BCE610285}.Release|x86.Build.0 = Release|x86
		{971EE24A-2AFB-4881-9981-BB3F0D8AE6A9}.Debug|Any CPU.ActiveCfg = Debug|Any CPU
		{971EE24A-2AFB-4881-9981-BB3F0D8AE6A9}.Debug|Any CPU.Build.0 = Debug|Any CPU
		{971EE24A-2AFB-4881-9981-BB3F0D8AE6A9}.Debug|x64.ActiveCfg = Debug|x86
		{971EE24A-2AFB-4881-9981-BB3F0D8AE6A9}.Debug|x86.ActiveCfg = Debug|x86
		{971EE24A-2AFB-4881-9981-BB3F0D8AE6A9}.Debug|x86.Build.0 = Debug|x86
		{971EE24A-2AFB-4881-9981-BB3F0D8AE6A9}.Release|Any CPU.ActiveCfg = Release|Any CPU
		{971EE24A-2AFB-4881-9981-BB3F0D8AE6A9}.Release|Any CPU.Build.0 = Release|Any CPU
		{971EE24A-2AFB-4881-9981-BB3F0D8AE6A9}.Release|x64.ActiveCfg = Release|x86
		{971EE24A-2AFB-4881-9981-BB3F0D8AE6A9}.Release|x86.ActiveCfg = Release|x86
		{971EE24A-2AFB-4881-9981-BB3F0D8AE6A9}.Release|x86.Build.0 = Release|x86
		{C0F4A685-8CB5-4805-A009-936F5EEA0842}.Debug|Any CPU.ActiveCfg = Debug|Any CPU
		{C0F4A685-8CB5-4805-A009-936F5EEA0842}.Debug|Any CPU.Build.0 = Debug|Any CPU
		{C0F4A685-8CB5-4805-A009-936F5EEA0842}.Debug|x64.ActiveCfg = Debug|x86
		{C0F4A685-8CB5-4805-A009-936F5EEA0842}.Debug|x86.ActiveCfg = Debug|x86
		{C0F4A685-8CB5-4805-A009-936F5EEA0842}.Debug|x86.Build.0 = Debug|x86
		{C0F4A685-8CB5-4805-A009-936F5EEA0842}.Release|Any CPU.ActiveCfg = Release|Any CPU
		{C0F4A685-8CB5-4805-A009-936F5EEA0842}.Release|Any CPU.Build.0 = Release|Any CPU
		{C0F4A685-8CB5-4805-A009-936F5EEA0842}.Release|x64.ActiveCfg = Release|x86
		{C0F4A685-8CB5-4805-A009-936F5EEA0842}.Release|x86.ActiveCfg = Release|x86
		{C0F4A685-8CB5-4805-A009-936F5EEA0842}.Release|x86.Build.0 = Release|x86
		{F4AB0891-5F33-46E1-B9CF-62E603F7289F}.Debug|Any CPU.ActiveCfg = Debug|Any CPU
		{F4AB0891-5F33-46E1-B9CF-62E603F7289F}.Debug|Any CPU.Build.0 = Debug|Any CPU
		{F4AB0891-5F33-46E1-B9CF-62E603F7289F}.Debug|x64.ActiveCfg = Debug|x86
		{F4AB0891-5F33-46E1-B9CF-62E603F7289F}.Debug|x86.ActiveCfg = Debug|x86
		{F4AB0891-5F33-46E1-B9CF-62E603F7289F}.Debug|x86.Build.0 = Debug|x86
		{F4AB0891-5F33-46E1-B9CF-62E603F7289F}.Release|Any CPU.ActiveCfg = Release|Any CPU
		{F4AB0891-5F33-46E1-B9CF-62E603F7289F}.Release|Any CPU.Build.0 = Release|Any CPU
		{F4AB0891-5F33-46E1-B9CF-62E603F7289F}.Release|x64.ActiveCfg = Release|x86
		{F4AB0891-5F33-46E1-B9CF-62E603F7289F}.Release|x86.ActiveCfg = Release|x86
		{F4AB0891-5F33-46E1-B9CF-62E603F7289F}.Release|x86.Build.0 = Release|x86
		{13F4B091-79E5-45A0-A435-30E80FD72FF9}.Debug|Any CPU.ActiveCfg = Debug|Any CPU
		{13F4B091-79E5-45A0-A435-30E80FD72FF9}.Debug|Any CPU.Build.0 = Debug|Any CPU
		{13F4B091-79E5-45A0-A435-30E80FD72FF9}.Debug|x64.ActiveCfg = Debug|x86
		{13F4B091-79E5-45A0-A435-30E80FD72FF9}.Debug|x86.ActiveCfg = Debug|x86
		{13F4B091-79E5-45A0-A435-30E80FD72FF9}.Debug|x86.Build.0 = Debug|x86
		{13F4B091-79E5-45A0-A435-30E80FD72FF9}.Release|Any CPU.ActiveCfg = Release|Any CPU
		{13F4B091-79E5-45A0-A435-30E80FD72FF9}.Release|Any CPU.Build.0 = Release|Any CPU
		{13F4B091-79E5-45A0-A435-30E80FD72FF9}.Release|x64.ActiveCfg = Release|x86
		{13F4B091-79E5-45A0-A435-30E80FD72FF9}.Release|x86.ActiveCfg = Release|x86
		{13F4B091-79E5-45A0-A435-30E80FD72FF9}.Release|x86.Build.0 = Release|x86
		{3F5144EE-C312-4634-BE80-3E0EA016B0AB}.Debug|Any CPU.ActiveCfg = Debug|Any CPU
		{3F5144EE-C312-4634-BE80-3E0EA016B0AB}.Debug|Any CPU.Build.0 = Debug|Any CPU
		{3F5144EE-C312-4634-BE80-3E0EA016B0AB}.Debug|x64.ActiveCfg = Debug|Any CPU
		{3F5144EE-C312-4634-BE80-3E0EA016B0AB}.Debug|x64.Build.0 = Debug|Any CPU
		{3F5144EE-C312-4634-BE80-3E0EA016B0AB}.Debug|x86.ActiveCfg = Debug|Any CPU
		{3F5144EE-C312-4634-BE80-3E0EA016B0AB}.Debug|x86.Build.0 = Debug|Any CPU
		{3F5144EE-C312-4634-BE80-3E0EA016B0AB}.Release|Any CPU.ActiveCfg = Release|Any CPU
		{3F5144EE-C312-4634-BE80-3E0EA016B0AB}.Release|Any CPU.Build.0 = Release|Any CPU
		{3F5144EE-C312-4634-BE80-3E0EA016B0AB}.Release|x64.ActiveCfg = Release|Any CPU
		{3F5144EE-C312-4634-BE80-3E0EA016B0AB}.Release|x64.Build.0 = Release|Any CPU
		{3F5144EE-C312-4634-BE80-3E0EA016B0AB}.Release|x86.ActiveCfg = Release|Any CPU
		{3F5144EE-C312-4634-BE80-3E0EA016B0AB}.Release|x86.Build.0 = Release|Any CPU
	EndGlobalSection
	GlobalSection(SolutionProperties) = preSolution
		HideSolutionNode = FALSE
	EndGlobalSection
EndGlobal
